
Microsoft Visual Studio Solution File, Format Version 12.00
# Visual Studio 15
VisualStudioVersion = 15.0.27428.2027
MinimumVisualStudioVersion = 10.0.40219.1
Project("{FAE04EC0-301F-11D3-BF4B-00C04F79EFBC}") = "WCFGCIS", "WCFGCIS\WCFGCIS.csproj", "{3FFCBAB1-652C-49EE-BAF0-C4AC321D2D5D}"
EndProject
Global
	GlobalSection(SolutionConfigurationPlatforms) = preSolution
		Debug|Any CPU = Debug|Any CPU
		Release|Any CPU = Release|Any CPU
	EndGlobalSection
	GlobalSection(ProjectConfigurationPlatforms) = postSolution
		{3FFCBAB1-652C-49EE-BAF0-C4AC321D2D5D}.Debug|Any CPU.ActiveCfg = Debug|Any CPU
		{3FFCBAB1-652C-49EE-BAF0-C4AC321D2D5D}.Debug|Any CPU.Build.0 = Debug|Any CPU
		{3FFCBAB1-652C-49EE-BAF0-C4AC321D2D5D}.Release|Any CPU.ActiveCfg = Release|Any CPU
		{3FFCBAB1-652C-49EE-BAF0-C4AC321D2D5D}.Release|Any CPU.Build.0 = Release|Any CPU
	EndGlobalSection
	GlobalSection(SolutionProperties) = preSolution
		HideSolutionNode = FALSE
	EndGlobalSection
	GlobalSection(ExtensibilityGlobals) = postSolution
		SolutionGuid = {54BC7EC2-FA24-448D-9BBC-743D94710A4E}
	EndGlobalSection
EndGlobal
